
Microsoft Visual Studio Solution File, Format Version 12.00
# Visual Studio Version 17
VisualStudioVersion = 17.11.35327.3
MinimumVisualStudioVersion = 10.0.40219.1
Project("{8BC9CEB8-8B4A-11D0-8D11-00A0C91BC942}") = "9498번", "9498번\9498번.vcxproj", "{DEA3B200-845B-44AD-A19D-9A4EABA46BA2}"
EndProject
Global
	GlobalSection(SolutionConfigurationPlatforms) = preSolution
		Debug|x64 = Debug|x64
		Debug|x86 = Debug|x86
		Release|x64 = Release|x64
		Release|x86 = Release|x86
	EndGlobalSection
	GlobalSection(ProjectConfigurationPlatforms) = postSolution
		{DEA3B200-845B-44AD-A19D-9A4EABA46BA2}.Debug|x64.ActiveCfg = Debug|x64
		{DEA3B200-845B-44AD-A19D-9A4EABA46BA2}.Debug|x64.Build.0 = Debug|x64
		{DEA3B200-845B-44AD-A19D-9A4EABA46BA2}.Debug|x86.ActiveCfg = Debug|Win32
		{DEA3B200-845B-44AD-A19D-9A4EABA46BA2}.Debug|x86.Build.0 = Debug|Win32
		{DEA3B200-845B-44AD-A19D-9A4EABA46BA2}.Release|x64.ActiveCfg = Release|x64
		{DEA3B200-845B-44AD-A19D-9A4EABA46BA2}.Release|x64.Build.0 = Release|x64
		{DEA3B200-845B-44AD-A19D-9A4EABA46BA2}.Release|x86.ActiveCfg = Release|Win32
		{DEA3B200-845B-44AD-A19D-9A4EABA46BA2}.Release|x86.Build.0 = Release|Win32
	EndGlobalSection
	GlobalSection(SolutionProperties) = preSolution
		HideSolutionNode = FALSE
	EndGlobalSection
	GlobalSection(ExtensibilityGlobals) = postSolution
		SolutionGuid = {66EE2114-9F91-47CA-9347-9DBDB1A55D24}
	EndGlobalSection
EndGlobal
